
Microsoft Visual Studio Solution File, Format Version 12.00
# Visual Studio 14
VisualStudioVersion = 14.0.25123.0
MinimumVisualStudioVersion = 10.0.40219.1
Project("{F184B08F-C81C-45F6-A57F-5ABD9991F28F}") = "Aricie.PortalKeeper", "Aricie.PortalKeeper.vbproj", "{E16CB689-AF6F-4919-BC7B-1D345A2D48CE}"
EndProject
Project("{F184B08F-C81C-45F6-A57F-5ABD9991F28F}") = "Aricie.Core", "Aricie.Shared\Libs\Aricie.Core\Aricie.Core.vbproj", "{6ADA6635-4F81-4900-B392-DC0FD650FA52}"
EndProject
Project("{F184B08F-C81C-45F6-A57F-5ABD9991F28F}") = "Aricie.DNN", "Aricie.Shared\Libs\Aricie.DNN\Aricie.DNN.vbproj", "{79F9C77D-3B12-4111-B3C3-F006C7026580}"
EndProject
Project("{FAE04EC0-301F-11D3-BF4B-00C04F79EFBC}") = "Aricie.DNN7", "Aricie.Shared\Libs\Aricie.DNN\Aricie.DNN7\Aricie.DNN7.csproj", "{7F0E38C5-DCB6-4902-A113-5D63E79773EB}"
EndProject
Project("{FAE04EC0-301F-11D3-BF4B-00C04F79EFBC}") = "Aricie.PortalKeeper.Bitcoin", "Libraries\Bitcoin\Core\Aricie.PortalKeeper.Bitcoin.csproj", "{C57D2545-4EA4-48B3-A00E-E2EED4CED9CE}"
EndProject
Project("{FAE04EC0-301F-11D3-BF4B-00C04F79EFBC}") = "Aricie.PortalKeeper.Bitcoin.Strategies", "Libraries\Bitcoin\Strategies\Aricie.PortalKeeper.Bitcoin.Strategies.csproj", "{DF49A3B3-AFC1-48E4-AC3D-5A434A23ECD6}"
EndProject
Project("{FAE04EC0-301F-11D3-BF4B-00C04F79EFBC}") = "Aricie.PortalKeeper.Reddit", "Libraries\Reddit\Aricie.PortalKeeper.Reddit.csproj", "{4BE8FBBF-81C9-4AC8-8381-0AFEAB85435C}"
EndProject
Project("{FAE04EC0-301F-11D3-BF4B-00C04F79EFBC}") = "RedditSharpNet35", "Libraries\Reddit\external\RedditSharpNet35\RedditSharpNet35.csproj", "{A368CB75-75F0-4489-904D-B5CEBB0FE624}"
EndProject
Project("{F184B08F-C81C-45F6-A57F-5ABD9991F28F}") = "Flee", "Aricie.Shared\Libs\Aricie.DNN\external\Flee\Flee.vbproj", "{28334152-7FB7-46A5-8639-68EB84A99BE0}"
EndProject
Project("{FAE04EC0-301F-11D3-BF4B-00C04F79EFBC}") = "Aricie.PortalKeeper.DNN7", "Aricie.PortalKeeper.DNN7\Aricie.PortalKeeper.DNN7.csproj", "{968DB474-7278-4940-96E5-09394D30BA5E}"
EndProject
Project("{FAE04EC0-301F-11D3-BF4B-00C04F79EFBC}") = "Aricie.PortalKeeper.AI", "Libraries\AI\Aricie.PortalKeeper.AI.csproj", "{A4FA5C16-A4CA-4D1D-8E84-B30625D210B7}"
EndProject
Project("{FAE04EC0-301F-11D3-BF4B-00C04F79EFBC}") = "GoTraxx", "Libraries\AI\external\GoTraxx\GoTraxx.csproj", "{16E52E17-385D-4BDA-98A5-7D3AF68F821B}"
EndProject
Project("{FAE04EC0-301F-11D3-BF4B-00C04F79EFBC}") = "Aricie.PortalKeeper.GIS", "Libraries\GIS\Aricie.PortalKeeper.GIS.csproj", "{D8C764EF-3393-4026-830A-C2D20B501BC9}"
EndProject
Global
	GlobalSection(SolutionConfigurationPlatforms) = preSolution
		Debug Trial|Any CPU = Debug Trial|Any CPU
		Debug|Any CPU = Debug|Any CPU
		Release Trial|Any CPU = Release Trial|Any CPU
		Release|Any CPU = Release|Any CPU
	EndGlobalSection
	GlobalSection(ProjectConfigurationPlatforms) = postSolution
		{E16CB689-AF6F-4919-BC7B-1D345A2D48CE}.Debug Trial|Any CPU.ActiveCfg = Debug Trial|Any CPU
		{E16CB689-AF6F-4919-BC7B-1D345A2D48CE}.Debug Trial|Any CPU.Build.0 = Debug Trial|Any CPU
		{E16CB689-AF6F-4919-BC7B-1D345A2D48CE}.Debug|Any CPU.ActiveCfg = Debug|Any CPU
		{E16CB689-AF6F-4919-BC7B-1D345A2D48CE}.Debug|Any CPU.Build.0 = Debug|Any CPU
		{E16CB689-AF6F-4919-BC7B-1D345A2D48CE}.Release Trial|Any CPU.ActiveCfg = Release Trial|Any CPU
		{E16CB689-AF6F-4919-BC7B-1D345A2D48CE}.Release Trial|Any CPU.Build.0 = Release Trial|Any CPU
		{E16CB689-AF6F-4919-BC7B-1D345A2D48CE}.Release|Any CPU.ActiveCfg = Release|Any CPU
		{E16CB689-AF6F-4919-BC7B-1D345A2D48CE}.Release|Any CPU.Build.0 = Release|Any CPU
		{6ADA6635-4F81-4900-B392-DC0FD650FA52}.Debug Trial|Any CPU.ActiveCfg = Debug|Any CPU
		{6ADA6635-4F81-4900-B392-DC0FD650FA52}.Debug Trial|Any CPU.Build.0 = Debug|Any CPU
		{6ADA6635-4F81-4900-B392-DC0FD650FA52}.Debug|Any CPU.ActiveCfg = Debug|Any CPU
		{6ADA6635-4F81-4900-B392-DC0FD650FA52}.Debug|Any CPU.Build.0 = Debug|Any CPU
		{6ADA6635-4F81-4900-B392-DC0FD650FA52}.Release Trial|Any CPU.ActiveCfg = Release|Any CPU
		{6ADA6635-4F81-4900-B392-DC0FD650FA52}.Release Trial|Any CPU.Build.0 = Release|Any CPU
		{6ADA6635-4F81-4900-B392-DC0FD650FA52}.Release|Any CPU.ActiveCfg = Release|Any CPU
		{6ADA6635-4F81-4900-B392-DC0FD650FA52}.Release|Any CPU.Build.0 = Release|Any CPU
		{79F9C77D-3B12-4111-B3C3-F006C7026580}.Debug Trial|Any CPU.ActiveCfg = Debug|Any CPU
		{79F9C77D-3B12-4111-B3C3-F006C7026580}.Debug Trial|Any CPU.Build.0 = Debug|Any CPU
		{79F9C77D-3B12-4111-B3C3-F006C7026580}.Debug|Any CPU.ActiveCfg = Debug|Any CPU
		{79F9C77D-3B12-4111-B3C3-F006C7026580}.Debug|Any CPU.Build.0 = Debug|Any CPU
		{79F9C77D-3B12-4111-B3C3-F006C7026580}.Release Trial|Any CPU.ActiveCfg = Release|Any CPU
		{79F9C77D-3B12-4111-B3C3-F006C7026580}.Release Trial|Any CPU.Build.0 = Release|Any CPU
		{79F9C77D-3B12-4111-B3C3-F006C7026580}.Release|Any CPU.ActiveCfg = Release|Any CPU
		{79F9C77D-3B12-4111-B3C3-F006C7026580}.Release|Any CPU.Build.0 = Release|Any CPU
		{7F0E38C5-DCB6-4902-A113-5D63E79773EB}.Debug Trial|Any CPU.ActiveCfg = Debug|Any CPU
		{7F0E38C5-DCB6-4902-A113-5D63E79773EB}.Debug Trial|Any CPU.Build.0 = Debug|Any CPU
		{7F0E38C5-DCB6-4902-A113-5D63E79773EB}.Debug|Any CPU.ActiveCfg = Debug|Any CPU
		{7F0E38C5-DCB6-4902-A113-5D63E79773EB}.Debug|Any CPU.Build.0 = Debug|Any CPU
		{7F0E38C5-DCB6-4902-A113-5D63E79773EB}.Release Trial|Any CPU.ActiveCfg = Release|Any CPU
		{7F0E38C5-DCB6-4902-A113-5D63E79773EB}.Release Trial|Any CPU.Build.0 = Release|Any CPU
		{7F0E38C5-DCB6-4902-A113-5D63E79773EB}.Release|Any CPU.ActiveCfg = Release|Any CPU
		{7F0E38C5-DCB6-4902-A113-5D63E79773EB}.Release|Any CPU.Build.0 = Release|Any CPU
		{C57D2545-4EA4-48B3-A00E-E2EED4CED9CE}.Debug Trial|Any CPU.ActiveCfg = Debug|Any CPU
		{C57D2545-4EA4-48B3-A00E-E2EED4CED9CE}.Debug Trial|Any CPU.Build.0 = Debug|Any CPU
		{C57D2545-4EA4-48B3-A00E-E2EED4CED9CE}.Debug|Any CPU.ActiveCfg = Debug|Any CPU
		{C57D2545-4EA4-48B3-A00E-E2EED4CED9CE}.Debug|Any CPU.Build.0 = Debug|Any CPU
		{C57D2545-4EA4-48B3-A00E-E2EED4CED9CE}.Release Trial|Any CPU.ActiveCfg = Release|Any CPU
		{C57D2545-4EA4-48B3-A00E-E2EED4CED9CE}.Release Trial|Any CPU.Build.0 = Release|Any CPU
		{C57D2545-4EA4-48B3-A00E-E2EED4CED9CE}.Release|Any CPU.ActiveCfg = Release|Any CPU
		{C57D2545-4EA4-48B3-A00E-E2EED4CED9CE}.Release|Any CPU.Build.0 = Release|Any CPU
		{DF49A3B3-AFC1-48E4-AC3D-5A434A23ECD6}.Debug Trial|Any CPU.ActiveCfg = Debug|Any CPU
		{DF49A3B3-AFC1-48E4-AC3D-5A434A23ECD6}.Debug Trial|Any CPU.Build.0 = Debug|Any CPU
		{DF49A3B3-AFC1-48E4-AC3D-5A434A23ECD6}.Debug|Any CPU.ActiveCfg = Debug|Any CPU
		{DF49A3B3-AFC1-48E4-AC3D-5A434A23ECD6}.Debug|Any CPU.Build.0 = Debug|Any CPU
		{DF49A3B3-AFC1-48E4-AC3D-5A434A23ECD6}.Release Trial|Any CPU.ActiveCfg = Release|Any CPU
		{DF49A3B3-AFC1-48E4-AC3D-5A434A23ECD6}.Release Trial|Any CPU.Build.0 = Release|Any CPU
		{DF49A3B3-AFC1-48E4-AC3D-5A434A23ECD6}.Release|Any CPU.ActiveCfg = Release|Any CPU
		{DF49A3B3-AFC1-48E4-AC3D-5A434A23ECD6}.Release|Any CPU.Build.0 = Release|Any CPU
		{4BE8FBBF-81C9-4AC8-8381-0AFEAB85435C}.Debug Trial|Any CPU.ActiveCfg = Debug|Any CPU
		{4BE8FBBF-81C9-4AC8-8381-0AFEAB85435C}.Debug Trial|Any CPU.Build.0 = Debug|Any CPU
		{4BE8FBBF-81C9-4AC8-8381-0AFEAB85435C}.Debug|Any CPU.ActiveCfg = Debug|Any CPU
		{4BE8FBBF-81C9-4AC8-8381-0AFEAB85435C}.Debug|Any CPU.Build.0 = Debug|Any CPU
		{4BE8FBBF-81C9-4AC8-8381-0AFEAB85435C}.Release Trial|Any CPU.ActiveCfg = Release|Any CPU
		{4BE8FBBF-81C9-4AC8-8381-0AFEAB85435C}.Release Trial|Any CPU.Build.0 = Release|Any CPU
		{4BE8FBBF-81C9-4AC8-8381-0AFEAB85435C}.Release|Any CPU.ActiveCfg = Release|Any CPU
		{4BE8FBBF-81C9-4AC8-8381-0AFEAB85435C}.Release|Any CPU.Build.0 = Release|Any CPU
		{A368CB75-75F0-4489-904D-B5CEBB0FE624}.Debug Trial|Any CPU.ActiveCfg = Debug|Any CPU
		{A368CB75-75F0-4489-904D-B5CEBB0FE624}.Debug Trial|Any CPU.Build.0 = Debug|Any CPU
		{A368CB75-75F0-4489-904D-B5CEBB0FE624}.Debug|Any CPU.ActiveCfg = Debug|Any CPU
		{A368CB75-75F0-4489-904D-B5CEBB0FE624}.Debug|Any CPU.Build.0 = Debug|Any CPU
		{A368CB75-75F0-4489-904D-B5CEBB0FE624}.Release Trial|Any CPU.ActiveCfg = Release|Any CPU
		{A368CB75-75F0-4489-904D-B5CEBB0FE624}.Release Trial|Any CPU.Build.0 = Release|Any CPU
		{A368CB75-75F0-4489-904D-B5CEBB0FE624}.Release|Any CPU.ActiveCfg = Release|Any CPU
		{A368CB75-75F0-4489-904D-B5CEBB0FE624}.Release|Any CPU.Build.0 = Release|Any CPU
		{28334152-7FB7-46A5-8639-68EB84A99BE0}.Debug Trial|Any CPU.ActiveCfg = Debug|Any CPU
		{28334152-7FB7-46A5-8639-68EB84A99BE0}.Debug Trial|Any CPU.Build.0 = Debug|Any CPU
		{28334152-7FB7-46A5-8639-68EB84A99BE0}.Debug|Any CPU.ActiveCfg = Debug|Any CPU
		{28334152-7FB7-46A5-8639-68EB84A99BE0}.Debug|Any CPU.Build.0 = Debug|Any CPU
		{28334152-7FB7-46A5-8639-68EB84A99BE0}.Release Trial|Any CPU.ActiveCfg = Release|Any CPU
		{28334152-7FB7-46A5-8639-68EB84A99BE0}.Release Trial|Any CPU.Build.0 = Release|Any CPU
		{28334152-7FB7-46A5-8639-68EB84A99BE0}.Release|Any CPU.ActiveCfg = Release|Any CPU
		{28334152-7FB7-46A5-8639-68EB84A99BE0}.Release|Any CPU.Build.0 = Release|Any CPU
		{968DB474-7278-4940-96E5-09394D30BA5E}.Debug Trial|Any CPU.ActiveCfg = Debug|Any CPU
		{968DB474-7278-4940-96E5-09394D30BA5E}.Debug Trial|Any CPU.Build.0 = Debug|Any CPU
		{968DB474-7278-4940-96E5-09394D30BA5E}.Debug|Any CPU.ActiveCfg = Debug|Any CPU
		{968DB474-7278-4940-96E5-09394D30BA5E}.Debug|Any CPU.Build.0 = Debug|Any CPU
		{968DB474-7278-4940-96E5-09394D30BA5E}.Release Trial|Any CPU.ActiveCfg = Release|Any CPU
		{968DB474-7278-4940-96E5-09394D30BA5E}.Release Trial|Any CPU.Build.0 = Release|Any CPU
		{968DB474-7278-4940-96E5-09394D30BA5E}.Release|Any CPU.ActiveCfg = Release|Any CPU
		{968DB474-7278-4940-96E5-09394D30BA5E}.Release|Any CPU.Build.0 = Release|Any CPU
		{A4FA5C16-A4CA-4D1D-8E84-B30625D210B7}.Debug Trial|Any CPU.ActiveCfg = Debug|Any CPU
		{A4FA5C16-A4CA-4D1D-8E84-B30625D210B7}.Debug Trial|Any CPU.Build.0 = Debug|Any CPU
		{A4FA5C16-A4CA-4D1D-8E84-B30625D210B7}.Debug|Any CPU.ActiveCfg = Debug|Any CPU
		{A4FA5C16-A4CA-4D1D-8E84-B30625D210B7}.Debug|Any CPU.Build.0 = Debug|Any CPU
		{A4FA5C16-A4CA-4D1D-8E84-B30625D210B7}.Release Trial|Any CPU.ActiveCfg = Release|Any CPU
		{A4FA5C16-A4CA-4D1D-8E84-B30625D210B7}.Release Trial|Any CPU.Build.0 = Release|Any CPU
		{A4FA5C16-A4CA-4D1D-8E84-B30625D210B7}.Release|Any CPU.ActiveCfg = Release|Any CPU
		{A4FA5C16-A4CA-4D1D-8E84-B30625D210B7}.Release|Any CPU.Build.0 = Release|Any CPU
		{16E52E17-385D-4BDA-98A5-7D3AF68F821B}.Debug Trial|Any CPU.ActiveCfg = Debug|Any CPU
		{16E52E17-385D-4BDA-98A5-7D3AF68F821B}.Debug Trial|Any CPU.Build.0 = Debug|Any CPU
		{16E52E17-385D-4BDA-98A5-7D3AF68F821B}.Debug|Any CPU.ActiveCfg = Debug|Any CPU
		{16E52E17-385D-4BDA-98A5-7D3AF68F821B}.Debug|Any CPU.Build.0 = Debug|Any CPU
		{16E52E17-385D-4BDA-98A5-7D3AF68F821B}.Release Trial|Any CPU.ActiveCfg = Release|Any CPU
		{16E52E17-385D-4BDA-98A5-7D3AF68F821B}.Release Trial|Any CPU.Build.0 = Release|Any CPU
		{16E52E17-385D-4BDA-98A5-7D3AF68F821B}.Release|Any CPU.ActiveCfg = Release|Any CPU
		{16E52E17-385D-4BDA-98A5-7D3AF68F821B}.Release|Any CPU.Build.0 = Release|Any CPU
		{D8C764EF-3393-4026-830A-C2D20B501BC9}.Debug Trial|Any CPU.ActiveCfg = Debug|Any CPU
		{D8C764EF-3393-4026-830A-C2D20B501BC9}.Debug Trial|Any CPU.Build.0 = Debug|Any CPU
		{D8C764EF-3393-4026-830A-C2D20B501BC9}.Debug|Any CPU.ActiveCfg = Debug|Any CPU
		{D8C764EF-3393-4026-830A-C2D20B501BC9}.Debug|Any CPU.Build.0 = Debug|Any CPU
		{D8C764EF-3393-4026-830A-C2D20B501BC9}.Release Trial|Any CPU.ActiveCfg = Release|Any CPU
		{D8C764EF-3393-4026-830A-C2D20B501BC9}.Release Trial|Any CPU.Build.0 = Release|Any CPU
		{D8C764EF-3393-4026-830A-C2D20B501BC9}.Release|Any CPU.ActiveCfg = Release|Any CPU
		{D8C764EF-3393-4026-830A-C2D20B501BC9}.Release|Any CPU.Build.0 = Release|Any CPU
	EndGlobalSection
	GlobalSection(SolutionProperties) = preSolution
		HideSolutionNode = FALSE
	EndGlobalSection
	GlobalSection(TeamFoundationVersionControl) = preSolution
		SccNumberOfProjects = 14
		SccEnterpriseProvider = {4CA58AB2-18FA-4F8D-95D4-32DDF27D184C}
		SccTeamFoundationServer = https://tfs.codeplex.com/tfs/tfs36
		SccLocalPath0 = .
		SccProjectUniqueName1 = Aricie.Shared\\Libs\\Aricie.Core\\Aricie.Core.vbproj
		SccProjectName1 = Aricie.Shared/Libs/Aricie.Core
		SccLocalPath1 = Aricie.Shared\\Libs\\Aricie.Core
		SccProjectUniqueName2 = Aricie.Shared\\Libs\\Aricie.DNN\\Aricie.DNN.vbproj
		SccProjectName2 = Aricie.Shared/Libs/Aricie.DNN
		SccLocalPath2 = Aricie.Shared\\Libs\\Aricie.DNN
		SccProjectUniqueName3 = Aricie.PortalKeeper.vbproj
		SccLocalPath3 = .
		SccProjectUniqueName4 = Aricie.Shared\\Libs\\Aricie.DNN\\Aricie.DNN7\\Aricie.DNN7.csproj
		SccProjectName4 = Aricie.Shared/Libs/Aricie.DNN/Aricie.DNN7
		SccLocalPath4 = Aricie.Shared\\Libs\\Aricie.DNN\\Aricie.DNN7
		SccProjectUniqueName5 = Libraries\\Bitcoin\\Core\\Aricie.PortalKeeper.Bitcoin.csproj
		SccProjectName5 = Libraries/Bitcoin/Core
		SccLocalPath5 = Libraries\\Bitcoin\\Core
		SccProjectUniqueName6 = Libraries\\Bitcoin\\Strategies\\Aricie.PortalKeeper.Bitcoin.Strategies.csproj
		SccProjectName6 = Libraries/Bitcoin/Strategies
		SccLocalPath6 = Libraries\\Bitcoin\\Strategies
		SccProjectUniqueName7 = Libraries\\Reddit\\Aricie.PortalKeeper.Reddit.csproj
		SccProjectName7 = Libraries/Reddit
		SccLocalPath7 = Libraries\\Reddit
		SccProjectUniqueName8 = Libraries\\Reddit\\external\\RedditSharpNet35\\RedditSharpNet35.csproj
		SccProjectName8 = Libraries/Reddit/external/RedditSharpNet35
		SccLocalPath8 = Libraries\\Reddit\\external\\RedditSharpNet35
		SccProjectUniqueName9 = Aricie.Shared\\Libs\\Aricie.DNN\\external\\Flee\\Flee.vbproj
		SccProjectName9 = Aricie.Shared/Libs/Aricie.DNN/external/Flee
		SccLocalPath9 = Aricie.Shared\\Libs\\Aricie.DNN\\external\\Flee
		SccProjectUniqueName10 = Aricie.PortalKeeper.DNN7\\Aricie.PortalKeeper.DNN7.csproj
		SccProjectName10 = Aricie.PortalKeeper.DNN7
		SccLocalPath10 = Aricie.PortalKeeper.DNN7
		SccProjectUniqueName11 = Libraries\\AI\\Aricie.PortalKeeper.AI.csproj
		SccProjectName11 = Libraries/AI
		SccLocalPath11 = Libraries\\AI
		SccProjectUniqueName12 = Libraries\\AI\\external\\GoTraxx\\GoTraxx.csproj
		SccProjectName12 = Libraries/AI/external/GoTraxx
		SccLocalPath12 = Libraries\\AI\\external\\GoTraxx
		SccProjectUniqueName13 = Libraries\\GIS\\Aricie.PortalKeeper.GIS.csproj
		SccProjectName13 = Libraries/GIS
		SccLocalPath13 = Libraries\\GIS
	EndGlobalSection
EndGlobal
